
Microsoft Visual Studio Solution File, Format Version 12.00
# Visual Studio 15
VisualStudioVersion = 15.0.27130.2010
MinimumVisualStudioVersion = 10.0.40219.1
Project("{9A19103F-16F7-4668-BE54-9A1E7A4F7556}") = "SensorKit", "SensorKit\SensorKit.csproj", "{F482FC46-F6AE-4022-81F0-9B3BCC190D64}"
EndProject
Project("{9A19103F-16F7-4668-BE54-9A1E7A4F7556}") = "SensorKit.Azure", "SensorKit.Azure\SensorKit.Azure.csproj", "{49F380EA-CAEF-4181-853B-8EE5E284991E}"
EndProject
Global
	GlobalSection(SolutionConfigurationPlatforms) = preSolution
		Debug|Any CPU = Debug|Any CPU
		Release|Any CPU = Release|Any CPU
	EndGlobalSection
	GlobalSection(ProjectConfigurationPlatforms) = postSolution
		{F482FC46-F6AE-4022-81F0-9B3BCC190D64}.Debug|Any CPU.ActiveCfg = Debug|Any CPU
		{F482FC46-F6AE-4022-81F0-9B3BCC190D64}.Debug|Any CPU.Build.0 = Debug|Any CPU
		{F482FC46-F6AE-4022-81F0-9B3BCC190D64}.Release|Any CPU.ActiveCfg = Release|Any CPU
		{F482FC46-F6AE-4022-81F0-9B3BCC190D64}.Release|Any CPU.Build.0 = Release|Any CPU
		{49F380EA-CAEF-4181-853B-8EE5E284991E}.Debug|Any CPU.ActiveCfg = Debug|Any CPU
		{49F380EA-CAEF-4181-853B-8EE5E284991E}.Debug|Any CPU.Build.0 = Debug|Any CPU
		{49F380EA-CAEF-4181-853B-8EE5E284991E}.Release|Any CPU.ActiveCfg = Release|Any CPU
		{49F380EA-CAEF-4181-853B-8EE5E284991E}.Release|Any CPU.Build.0 = Release|Any CPU
	EndGlobalSection
	GlobalSection(SolutionProperties) = preSolution
		HideSolutionNode = FALSE
	EndGlobalSection
	GlobalSection(ExtensibilityGlobals) = postSolution
		SolutionGuid = {C0E30A80-CC3E-441B-9726-7EEBFB43E674}
	EndGlobalSection
EndGlobal
